// !$*UTF8*$!
{
	archiveVersion = 1;
	classes = {
	};
	objectVersion = 77;
	objects = {

/* Begin PBXBuildFile section */
		33F3F4177EABF30D7F91FE69 /* Pods_Player.framework in Frameworks */ = {isa = PBXBuildFile; fileRef = 5859087E5F5111DE8981BF46 /* Pods_Player.framework */; };
		71D5B4352CFE070F00483936 /* Preview Assets.xcassets in Resources */ = {isa = PBXBuildFile; fileRef = 71D5B42F2CFE070F00483936 /* Preview Assets.xcassets */; };
		71D5B4362CFE070F00483936 /* Assets.xcassets in Resources */ = {isa = PBXBuildFile; fileRef = 71D5B4312CFE070F00483936 /* Assets.xcassets */; };
		71D5B4372CFE070F00483936 /* ContentView.swift in Sources */ = {isa = PBXBuildFile; fileRef = 71D5B4322CFE070F00483936 /* ContentView.swift */; };
		71D5B4382CFE070F00483936 /* PlayerApp.swift in Sources */ = {isa = PBXBuildFile; fileRef = 71D5B4332CFE070F00483936 /* PlayerApp.swift */; };
		71D5B4412CFE074300483936 /* sort-Xcode-project-file in Resources */ = {isa = PBXBuildFile; fileRef = 71D5B43F2CFE074300483936 /* sort-Xcode-project-file */; };
/* End PBXBuildFile section */

/* Begin PBXContainerItemProxy section */
		71D5B4132CFE070500483936 /* PBXContainerItemProxy */ = {
			isa = PBXContainerItemProxy;
			containerPortal = 71D5B3FA2CFE070400483936 /* Project object */;
			proxyType = 1;
			remoteGlobalIDString = 71D5B4012CFE070400483936;
			remoteInfo = Player;
		};
/* End PBXContainerItemProxy section */

/* Begin PBXFileReference section */
		5859087E5F5111DE8981BF46 /* Pods_Player.framework */ = {isa = PBXFileReference; explicitFileType = wrapper.framework; includeInIndex = 0; path = Pods_Player.framework; sourceTree = BUILT_PRODUCTS_DIR; };
		5B59582164DE855F531C61A2 /* Pods-Player.release.xcconfig */ = {isa = PBXFileReference; includeInIndex = 1; lastKnownFileType = text.xcconfig; name = "Pods-Player.release.xcconfig"; path = "Target Support Files/Pods-Player/Pods-Player.release.xcconfig"; sourceTree = "<group>"; };
		71D5B4022CFE070400483936 /* Player.app */ = {isa = PBXFileReference; explicitFileType = wrapper.application; includeInIndex = 0; path = Player.app; sourceTree = BUILT_PRODUCTS_DIR; };
		71D5B4122CFE070500483936 /* PlayerTests.xctest */ = {isa = PBXFileReference; explicitFileType = wrapper.cfbundle; includeInIndex = 0; path = PlayerTests.xctest; sourceTree = BUILT_PRODUCTS_DIR; };
		71D5B42F2CFE070F00483936 /* Preview Assets.xcassets */ = {isa = PBXFileReference; lastKnownFileType = folder.assetcatalog; path = "Preview Assets.xcassets"; sourceTree = "<group>"; };
		71D5B4312CFE070F00483936 /* Assets.xcassets */ = {isa = PBXFileReference; lastKnownFileType = folder.assetcatalog; path = Assets.xcassets; sourceTree = "<group>"; };
		71D5B4322CFE070F00483936 /* ContentView.swift */ = {isa = PBXFileReference; lastKnownFileType = sourcecode.swift; path = ContentView.swift; sourceTree = "<group>"; };
		71D5B4332CFE070F00483936 /* PlayerApp.swift */ = {isa = PBXFileReference; lastKnownFileType = sourcecode.swift; path = PlayerApp.swift; sourceTree = "<group>"; };
		71D5B43F2CFE074300483936 /* sort-Xcode-project-file */ = {isa = PBXFileReference; lastKnownFileType = text; path = "sort-Xcode-project-file"; sourceTree = "<group>"; };
		A7666577F2DBAF72A3192733 /* Pods-Player.debug.xcconfig */ = {isa = PBXFileReference; includeInIndex = 1; lastKnownFileType = text.xcconfig; name = "Pods-Player.debug.xcconfig"; path = "Target Support Files/Pods-Player/Pods-Player.debug.xcconfig"; sourceTree = "<group>"; };
/* End PBXFileReference section */

/* Begin PBXFrameworksBuildPhase section */
		71D5B3FF2CFE070400483936 /* Frameworks */ = {
			isa = PBXFrameworksBuildPhase;
			buildActionMask = 2147483647;
			files = (
				33F3F4177EABF30D7F91FE69 /* Pods_Player.framework in Frameworks */,
			);
			runOnlyForDeploymentPostprocessing = 0;
		};
		71D5B40F2CFE070500483936 /* Frameworks */ = {
			isa = PBXFrameworksBuildPhase;
			buildActionMask = 2147483647;
			files = (
			);
			runOnlyForDeploymentPostprocessing = 0;
		};
/* End PBXFrameworksBuildPhase section */

/* Begin PBXGroup section */
		2A701092D198FA353936EA62 /* Frameworks */ = {
			isa = PBXGroup;
			children = (
				5859087E5F5111DE8981BF46 /* Pods_Player.framework */,
			);
			name = Frameworks;
			sourceTree = "<group>";
		};
		4DD5D8B8858E403887924491 /* Pods */ = {
			isa = PBXGroup;
			children = (
				A7666577F2DBAF72A3192733 /* Pods-Player.debug.xcconfig */,
				5B59582164DE855F531C61A2 /* Pods-Player.release.xcconfig */,
			);
			name = Pods;
			path = Pods;
			sourceTree = "<group>";
		};
		71D5B3F92CFE070400483936 = {
			isa = PBXGroup;
			children = (
				71D5B4342CFE070F00483936 /* Player */,
				71D5B43A2CFE071200483936 /* PlayerTests */,
				71D5B4032CFE070400483936 /* Products */,
				4DD5D8B8858E403887924491 /* Pods */,
				2A701092D198FA353936EA62 /* Frameworks */,
			);
			sourceTree = "<group>";
		};
		71D5B4032CFE070400483936 /* Products */ = {
			isa = PBXGroup;
			children = (
				71D5B4022CFE070400483936 /* Player.app */,
				71D5B4122CFE070500483936 /* PlayerTests.xctest */,
			);
			name = Products;
			sourceTree = "<group>";
		};
		71D5B4302CFE070F00483936 /* Preview Content */ = {
			isa = PBXGroup;
			children = (
				71D5B42F2CFE070F00483936 /* Preview Assets.xcassets */,
			);
			path = "Preview Content";
			sourceTree = "<group>";
		};
		71D5B4342CFE070F00483936 /* Player */ = {
			isa = PBXGroup;
			children = (
				71D5B43E2CFE072400483936 /* App */,
				71D5B43C2CFE071500483936 /* Content */,
				71D5B4302CFE070F00483936 /* Preview Content */,
				71D5B4402CFE074300483936 /* Scripts */,
				71D5B43D2CFE071D00483936 /* Views */,
			);
			path = Player;
			sourceTree = "<group>";
		};
		71D5B43A2CFE071200483936 /* PlayerTests */ = {
			isa = PBXGroup;
			children = (
			);
			path = PlayerTests;
			sourceTree = "<group>";
		};
		71D5B43C2CFE071500483936 /* Content */ = {
			isa = PBXGroup;
			children = (
				71D5B4312CFE070F00483936 /* Assets.xcassets */,
			);
			path = Content;
			sourceTree = "<group>";
		};
		71D5B43D2CFE071D00483936 /* Views */ = {
			isa = PBXGroup;
			children = (
				71D5B4322CFE070F00483936 /* ContentView.swift */,
			);
			path = Views;
			sourceTree = "<group>";
		};
		71D5B43E2CFE072400483936 /* App */ = {
			isa = PBXGroup;
			children = (
				71D5B4332CFE070F00483936 /* PlayerApp.swift */,
			);
			path = App;
			sourceTree = "<group>";
		};
		71D5B4402CFE074300483936 /* Scripts */ = {
			isa = PBXGroup;
			children = (
				71D5B43F2CFE074300483936 /* sort-Xcode-project-file */,
			);
			path = Scripts;
			sourceTree = "<group>";
		};
/* End PBXGroup section */

/* Begin PBXNativeTarget section */
		71D5B4012CFE070400483936 /* Player */ = {
			isa = PBXNativeTarget;
			buildConfigurationList = 71D5B4262CFE070500483936 /* Build configuration list for PBXNativeTarget "Player" */;
			buildPhases = (
				C5133D50113C2797C181F716 /* [CP] Check Pods Manifest.lock */,
				71D5B3FE2CFE070400483936 /* Sources */,
				71D5B3FF2CFE070400483936 /* Frameworks */,
				71D5B4002CFE070400483936 /* Resources */,
			);
			buildRules = (
			);
			dependencies = (
			);
			name = Player;
			productName = Player;
			productReference = 71D5B4022CFE070400483936 /* Player.app */;
			productType = "com.apple.product-type.application";
		};
		71D5B4112CFE070500483936 /* PlayerTests */ = {
			isa = PBXNativeTarget;
			buildConfigurationList = 71D5B4292CFE070500483936 /* Build configuration list for PBXNativeTarget "PlayerTests" */;
			buildPhases = (
				71D5B40E2CFE070500483936 /* Sources */,
				71D5B40F2CFE070500483936 /* Frameworks */,
				71D5B4102CFE070500483936 /* Resources */,
			);
			buildRules = (
			);
			dependencies = (
				71D5B4142CFE070500483936 /* PBXTargetDependency */,
			);
			name = PlayerTests;
			productName = PlayerTests;
			productReference = 71D5B4122CFE070500483936 /* PlayerTests.xctest */;
			productType = "com.apple.product-type.bundle.unit-test";
		};
/* End PBXNativeTarget section */

/* Begin PBXProject section */
		71D5B3FA2CFE070400483936 /* Project object */ = {
			isa = PBXProject;
			attributes = {
				BuildIndependentTargetsInParallel = 1;
				LastSwiftUpdateCheck = 1610;
				LastUpgradeCheck = 1610;
				TargetAttributes = {
					71D5B4012CFE070400483936 = {
						CreatedOnToolsVersion = 16.1;
					};
					71D5B4112CFE070500483936 = {
						CreatedOnToolsVersion = 16.1;
						TestTargetID = 71D5B4012CFE070400483936;
					};
				};
			};
			buildConfigurationList = 71D5B3FD2CFE070400483936 /* Build configuration list for PBXProject "Player" */;
			developmentRegion = en;
			hasScannedForEncodings = 0;
			knownRegions = (
				en,
				Base,
			);
			mainGroup = 71D5B3F92CFE070400483936;
			minimizedProjectReferenceProxies = 1;
			preferredProjectObjectVersion = 77;
			productRefGroup = 71D5B4032CFE070400483936 /* Products */;
			projectDirPath = "";
			projectRoot = "";
			targets = (
				71D5B4012CFE070400483936 /* Player */,
				71D5B4112CFE070500483936 /* PlayerTests */,
			);
		};
/* End PBXProject section */

/* Begin PBXResourcesBuildPhase section */
		71D5B4002CFE070400483936 /* Resources */ = {
			isa = PBXResourcesBuildPhase;
			buildActionMask = 2147483647;
			files = (
				71D5B4362CFE070F00483936 /* Assets.xcassets in Resources */,
				71D5B4352CFE070F00483936 /* Preview Assets.xcassets in Resources */,
				71D5B4412CFE074300483936 /* sort-Xcode-project-file in Resources */,
			);
			runOnlyForDeploymentPostprocessing = 0;
		};
		71D5B4102CFE070500483936 /* Resources */ = {
			isa = PBXResourcesBuildPhase;
			buildActionMask = 2147483647;
			files = (
			);
			runOnlyForDeploymentPostprocessing = 0;
		};
/* End PBXResourcesBuildPhase section */

/* Begin PBXShellScriptBuildPhase section */
		C5133D50113C2797C181F716 /* [CP] Check Pods Manifest.lock */ = {
			isa = PBXShellScriptBuildPhase;
			buildActionMask = 2147483647;
			files = (
			);
			inputFileListPaths = (
			);
			inputPaths = (
				"${PODS_PODFILE_DIR_PATH}/Podfile.lock",
				"${PODS_ROOT}/Manifest.lock",
			);
			name = "[CP] Check Pods Manifest.lock";
			outputFileListPaths = (
			);
			outputPaths = (
				"$(DERIVED_FILE_DIR)/Pods-Player-checkManifestLockResult.txt",
			);
			runOnlyForDeploymentPostprocessing = 0;
			shellPath = /bin/sh;
			shellScript = "diff \"${PODS_PODFILE_DIR_PATH}/Podfile.lock\" \"${PODS_ROOT}/Manifest.lock\" > /dev/null\nif [ $? != 0 ] ; then\n    # print error to STDERR\n    echo \"error: The sandbox is not in sync with the Podfile.lock. Run 'pod install' or update your CocoaPods installation.\" >&2\n    exit 1\nfi\n# This output is used by Xcode 'outputs' to avoid re-running this script phase.\necho \"SUCCESS\" > \"${SCRIPT_OUTPUT_FILE_0}\"\n";
			showEnvVarsInLog = 0;
		};
/* End PBXShellScriptBuildPhase section */

/* Begin PBXSourcesBuildPhase section */
		71D5B3FE2CFE070400483936 /* Sources */ = {
			isa = PBXSourcesBuildPhase;
			buildActionMask = 2147483647;
			files = (
				71D5B4372CFE070F00483936 /* ContentView.swift in Sources */,
				71D5B4382CFE070F00483936 /* PlayerApp.swift in Sources */,
			);
			runOnlyForDeploymentPostprocessing = 0;
		};
		71D5B40E2CFE070500483936 /* Sources */ = {
			isa = PBXSourcesBuildPhase;
			buildActionMask = 2147483647;
			files = (
			);
			runOnlyForDeploymentPostprocessing = 0;
		};
/* End PBXSourcesBuildPhase section */

/* Begin PBXTargetDependency section */
		71D5B4142CFE070500483936 /* PBXTargetDependency */ = {
			isa = PBXTargetDependency;
			target = 71D5B4012CFE070400483936 /* Player */;
			targetProxy = 71D5B4132CFE070500483936 /* PBXContainerItemProxy */;
		};
/* End PBXTargetDependency section */

/* Begin XCBuildConfiguration section */
		71D5B4242CFE070500483936 /* Debug */ = {
			isa = XCBuildConfiguration;
			buildSettings = {
				ALWAYS_SEARCH_USER_PATHS = NO;
				ASSETCATALOG_COMPILER_GENERATE_SWIFT_ASSET_SYMBOL_EXTENSIONS = YES;
				CLANG_ANALYZER_NONNULL = YES;
				CLANG_ANALYZER_NUMBER_OBJECT_CONVERSION = YES_AGGRESSIVE;
				CLANG_CXX_LANGUAGE_STANDARD = "gnu++20";
				CLANG_ENABLE_MODULES = YES;
				CLANG_ENABLE_OBJC_ARC = YES;
				CLANG_ENABLE_OBJC_WEAK = YES;
				CLANG_WARN_BLOCK_CAPTURE_AUTORELEASING = YES;
				CLANG_WARN_BOOL_CONVERSION = YES;
				CLANG_WARN_COMMA = YES;
				CLANG_WARN_CONSTANT_CONVERSION = YES;
				CLANG_WARN_DEPRECATED_OBJC_IMPLEMENTATIONS = YES;
				CLANG_WARN_DIRECT_OBJC_ISA_USAGE = YES_ERROR;
				CLANG_WARN_DOCUMENTATION_COMMENTS = YES;
				CLANG_WARN_EMPTY_BODY = YES;
				CLANG_WARN_ENUM_CONVERSION = YES;
				CLANG_WARN_INFINITE_RECURSION = YES;
				CLANG_WARN_INT_CONVERSION = YES;
				CLANG_WARN_NON_LITERAL_NULL_CONVERSION = YES;
				CLANG_WARN_OBJC_IMPLICIT_RETAIN_SELF = YES;
				CLANG_WARN_OBJC_LITERAL_CONVERSION = YES;
				CLANG_WARN_OBJC_ROOT_CLASS = YES_ERROR;
				CLANG_WARN_QUOTED_INCLUDE_IN_FRAMEWORK_HEADER = YES;
				CLANG_WARN_RANGE_LOOP_ANALYSIS = YES;
				CLANG_WARN_STRICT_PROTOTYPES = YES;
				CLANG_WARN_SUSPICIOUS_MOVE = YES;
				CLANG_WARN_UNGUARDED_AVAILABILITY = YES_AGGRESSIVE;
				CLANG_WARN_UNREACHABLE_CODE = YES;
				CLANG_WARN__DUPLICATE_METHOD_MATCH = YES;
				COPY_PHASE_STRIP = NO;
				DEBUG_INFORMATION_FORMAT = dwarf;
				ENABLE_STRICT_OBJC_MSGSEND = YES;
				ENABLE_TESTABILITY = YES;
				ENABLE_USER_SCRIPT_SANDBOXING = YES;
				GCC_C_LANGUAGE_STANDARD = gnu17;
				GCC_DYNAMIC_NO_PIC = NO;
				GCC_NO_COMMON_BLOCKS = YES;
				GCC_OPTIMIZATION_LEVEL = 0;
				GCC_PREPROCESSOR_DEFINITIONS = (
					"DEBUG=1",
					"$(inherited)",
				);
				GCC_WARN_64_TO_32_BIT_CONVERSION = YES;
				GCC_WARN_ABOUT_RETURN_TYPE = YES_ERROR;
				GCC_WARN_UNDECLARED_SELECTOR = YES;
				GCC_WARN_UNINITIALIZED_AUTOS = YES_AGGRESSIVE;
				GCC_WARN_UNUSED_FUNCTION = YES;
				GCC_WARN_UNUSED_VARIABLE = YES;
				IPHONEOS_DEPLOYMENT_TARGET = 16.6;
				LOCALIZATION_PREFERS_STRING_CATALOGS = YES;
				MTL_ENABLE_DEBUG_INFO = INCLUDE_SOURCE;
				MTL_FAST_MATH = YES;
				ONLY_ACTIVE_ARCH = YES;
				SDKROOT = iphoneos;
				SWIFT_ACTIVE_COMPILATION_CONDITIONS = "DEBUG $(inherited)";
				SWIFT_OPTIMIZATION_LEVEL = "-Onone";
			};
			name = Debug;
		};
		71D5B4252CFE070500483936 /* Release */ = {
			isa = XCBuildConfiguration;
			buildSettings = {
				ALWAYS_SEARCH_USER_PATHS = NO;
				ASSETCATALOG_COMPILER_GENERATE_SWIFT_ASSET_SYMBOL_EXTENSIONS = YES;
				CLANG_ANALYZER_NONNULL = YES;
				CLANG_ANALYZER_NUMBER_OBJECT_CONVERSION = YES_AGGRESSIVE;
				CLANG_CXX_LANGUAGE_STANDARD = "gnu++20";
				CLANG_ENABLE_MODULES = YES;
				CLANG_ENABLE_OBJC_ARC = YES;
				CLANG_ENABLE_OBJC_WEAK = YES;
				CLANG_WARN_BLOCK_CAPTURE_AUTORELEASING = YES;
				CLANG_WARN_BOOL_CONVERSION = YES;
				CLANG_WARN_COMMA = YES;
				CLANG_WARN_CONSTANT_CONVERSION = YES;
				CLANG_WARN_DEPRECATED_OBJC_IMPLEMENTATIONS = YES;
				CLANG_WARN_DIRECT_OBJC_ISA_USAGE = YES_ERROR;
				CLANG_WARN_DOCUMENTATION_COMMENTS = YES;
				CLANG_WARN_EMPTY_BODY = YES;
				CLANG_WARN_ENUM_CONVERSION = YES;
				CLANG_WARN_INFINITE_RECURSION = YES;
				CLANG_WARN_INT_CONVERSION = YES;
				CLANG_WARN_NON_LITERAL_NULL_CONVERSION = YES;
				CLANG_WARN_OBJC_IMPLICIT_RETAIN_SELF = YES;
				CLANG_WARN_OBJC_LITERAL_CONVERSION = YES;
				CLANG_WARN_OBJC_ROOT_CLASS = YES_ERROR;
				CLANG_WARN_QUOTED_INCLUDE_IN_FRAMEWORK_HEADER = YES;
				CLANG_WARN_RANGE_LOOP_ANALYSIS = YES;
				CLANG_WARN_STRICT_PROTOTYPES = YES;
				CLANG_WARN_SUSPICIOUS_MOVE = YES;
				CLANG_WARN_UNGUARDED_AVAILABILITY = YES_AGGRESSIVE;
				CLANG_WARN_UNREACHABLE_CODE = YES;
				CLANG_WARN__DUPLICATE_METHOD_MATCH = YES;
				COPY_PHASE_STRIP = NO;
				DEBUG_INFORMATION_FORMAT = "dwarf-with-dsym";
				ENABLE_NS_ASSERTIONS = NO;
				ENABLE_STRICT_OBJC_MSGSEND = YES;
				ENABLE_USER_SCRIPT_SANDBOXING = YES;
				GCC_C_LANGUAGE_STANDARD = gnu17;
				GCC_NO_COMMON_BLOCKS = YES;
				GCC_WARN_64_TO_32_BIT_CONVERSION = YES;
				GCC_WARN_ABOUT_RETURN_TYPE = YES_ERROR;
				GCC_WARN_UNDECLARED_SELECTOR = YES;
				GCC_WARN_UNINITIALIZED_AUTOS = YES_AGGRESSIVE;
				GCC_WARN_UNUSED_FUNCTION = YES;
				GCC_WARN_UNUSED_VARIABLE = YES;
				IPHONEOS_DEPLOYMENT_TARGET = 16.6;
				LOCALIZATION_PREFERS_STRING_CATALOGS = YES;
				MTL_ENABLE_DEBUG_INFO = NO;
				MTL_FAST_MATH = YES;
				SDKROOT = iphoneos;
				SWIFT_COMPILATION_MODE = wholemodule;
				VALIDATE_PRODUCT = YES;
			};
			name = Release;
		};
		71D5B4272CFE070500483936 /* Debug */ = {
			isa = XCBuildConfiguration;
			baseConfigurationReference = A7666577F2DBAF72A3192733 /* Pods-Player.debug.xcconfig */;
			buildSettings = {
				ASSETCATALOG_COMPILER_APPICON_NAME = AppIcon;
				ASSETCATALOG_COMPILER_GLOBAL_ACCENT_COLOR_NAME = AccentColor;
				CODE_SIGN_STYLE = Automatic;
				CURRENT_PROJECT_VERSION = 1;
				DEVELOPMENT_ASSET_PATHS = "\"Player/Preview Content\"";
				DEVELOPMENT_TEAM = K5LY5J9SVU;
				ENABLE_PREVIEWS = YES;
				GENERATE_INFOPLIST_FILE = YES;
				INFOPLIST_KEY_UIApplicationSceneManifest_Generation = YES;
				INFOPLIST_KEY_UIApplicationSupportsIndirectInputEvents = YES;
				INFOPLIST_KEY_UILaunchScreen_Generation = YES;
				INFOPLIST_KEY_UISupportedInterfaceOrientations_iPad = "UIInterfaceOrientationPortrait UIInterfaceOrientationPortraitUpsideDown UIInterfaceOrientationLandscapeLeft UIInterfaceOrientationLandscapeRight";
				INFOPLIST_KEY_UISupportedInterfaceOrientations_iPhone = "UIInterfaceOrientationPortrait UIInterfaceOrientationLandscapeLeft UIInterfaceOrientationLandscapeRight";
				LD_RUNPATH_SEARCH_PATHS = (
					"$(inherited)",
					"@executable_path/Frameworks",
				);
				MARKETING_VERSION = 1.0;
				PRODUCT_BUNDLE_IDENTIFIER = com.konradrybicki.Player;
				PRODUCT_NAME = "$(TARGET_NAME)";
				SUPPORTED_PLATFORMS = "iphoneos iphonesimulator";
				SUPPORTS_MACCATALYST = NO;
				SUPPORTS_MAC_DESIGNED_FOR_IPHONE_IPAD = NO;
				SUPPORTS_XR_DESIGNED_FOR_IPHONE_IPAD = NO;
				SWIFT_EMIT_LOC_STRINGS = YES;
				SWIFT_VERSION = 5.0;
				TARGETED_DEVICE_FAMILY = 1;
			};
			name = Debug;
		};
		71D5B4282CFE070500483936 /* Release */ = {
			isa = XCBuildConfiguration;
			baseConfigurationReference = 5B59582164DE855F531C61A2 /* Pods-Player.release.xcconfig */;
			buildSettings = {
				ASSETCATALOG_COMPILER_APPICON_NAME = AppIcon;
				ASSETCATALOG_COMPILER_GLOBAL_ACCENT_COLOR_NAME = AccentColor;
				CODE_SIGN_STYLE = Automatic;
				CURRENT_PROJECT_VERSION = 1;
				DEVELOPMENT_ASSET_PATHS = "\"Player/Preview Content\"";
				DEVELOPMENT_TEAM = K5LY5J9SVU;
				ENABLE_PREVIEWS = YES;
				GENERATE_INFOPLIST_FILE = YES;
				INFOPLIST_KEY_UIApplicationSceneManifest_Generation = YES;
				INFOPLIST_KEY_UIApplicationSupportsIndirectInputEvents = YES;
				INFOPLIST_KEY_UILaunchScreen_Generation = YES;
				INFOPLIST_KEY_UISupportedInterfaceOrientations_iPad = "UIInterfaceOrientationPortrait UIInterfaceOrientationPortraitUpsideDown UIInterfaceOrientationLandscapeLeft UIInterfaceOrientationLandscapeRight";
				INFOPLIST_KEY_UISupportedInterfaceOrientations_iPhone = "UIInterfaceOrientationPortrait UIInterfaceOrientationLandscapeLeft UIInterfaceOrientationLandscapeRight";
				LD_RUNPATH_SEARCH_PATHS = (
					"$(inherited)",
					"@executable_path/Frameworks",
				);
				MARKETING_VERSION = 1.0;
				PRODUCT_BUNDLE_IDENTIFIER = com.konradrybicki.Player;
				PRODUCT_NAME = "$(TARGET_NAME)";
				SUPPORTED_PLATFORMS = "iphoneos iphonesimulator";
				SUPPORTS_MACCATALYST = NO;
				SUPPORTS_MAC_DESIGNED_FOR_IPHONE_IPAD = NO;
				SUPPORTS_XR_DESIGNED_FOR_IPHONE_IPAD = NO;
				SWIFT_EMIT_LOC_STRINGS = YES;
				SWIFT_VERSION = 5.0;
				TARGETED_DEVICE_FAMILY = 1;
			};
			name = Release;
		};
		71D5B42A2CFE070500483936 /* Debug */ = {
			isa = XCBuildConfiguration;
			buildSettings = {
				BUNDLE_LOADER = "$(TEST_HOST)";
				CODE_SIGN_STYLE = Automatic;
				CURRENT_PROJECT_VERSION = 1;
				DEVELOPMENT_TEAM = K5LY5J9SVU;
				GENERATE_INFOPLIST_FILE = YES;
				IPHONEOS_DEPLOYMENT_TARGET = 16.6;
				MARKETING_VERSION = 1.0;
				PRODUCT_BUNDLE_IDENTIFIER = com.konradrybicki.PlayerTests;
				PRODUCT_NAME = "$(TARGET_NAME)";
				SUPPORTED_PLATFORMS = "iphoneos iphonesimulator";
				SUPPORTS_MACCATALYST = NO;
				SUPPORTS_MAC_DESIGNED_FOR_IPHONE_IPAD = NO;
				SUPPORTS_XR_DESIGNED_FOR_IPHONE_IPAD = NO;
				SWIFT_EMIT_LOC_STRINGS = NO;
				SWIFT_VERSION = 5.0;
				TARGETED_DEVICE_FAMILY = 1;
				TEST_HOST = "$(BUILT_PRODUCTS_DIR)/Player.app/$(BUNDLE_EXECUTABLE_FOLDER_PATH)/Player";
			};
			name = Debug;
		};
		71D5B42B2CFE070500483936 /* Release */ = {
			isa = XCBuildConfiguration;
			buildSettings = {
				BUNDLE_LOADER = "$(TEST_HOST)";
				CODE_SIGN_STYLE = Automatic;
				CURRENT_PROJECT_VERSION = 1;
				DEVELOPMENT_TEAM = K5LY5J9SVU;
				GENERATE_INFOPLIST_FILE = YES;
				IPHONEOS_DEPLOYMENT_TARGET = 16.6;
				MARKETING_VERSION = 1.0;
				PRODUCT_BUNDLE_IDENTIFIER = com.konradrybicki.PlayerTests;
				PRODUCT_NAME = "$(TARGET_NAME)";
				SUPPORTED_PLATFORMS = "iphoneos iphonesimulator";
				SUPPORTS_MACCATALYST = NO;
				SUPPORTS_MAC_DESIGNED_FOR_IPHONE_IPAD = NO;
				SUPPORTS_XR_DESIGNED_FOR_IPHONE_IPAD = NO;
				SWIFT_EMIT_LOC_STRINGS = NO;
				SWIFT_VERSION = 5.0;
				TARGETED_DEVICE_FAMILY = 1;
				TEST_HOST = "$(BUILT_PRODUCTS_DIR)/Player.app/$(BUNDLE_EXECUTABLE_FOLDER_PATH)/Player";
			};
			name = Release;
		};
/* End XCBuildConfiguration section */

/* Begin XCConfigurationList section */
		71D5B3FD2CFE070400483936 /* Build configuration list for PBXProject "Player" */ = {
			isa = XCConfigurationList;
			buildConfigurations = (
				71D5B4242CFE070500483936 /* Debug */,
				71D5B4252CFE070500483936 /* Release */,
			);
			defaultConfigurationIsVisible = 0;
			defaultConfigurationName = Release;
		};
		71D5B4262CFE070500483936 /* Build configuration list for PBXNativeTarget "Player" */ = {
			isa = XCConfigurationList;
			buildConfigurations = (
				71D5B4272CFE070500483936 /* Debug */,
				71D5B4282CFE070500483936 /* Release */,
			);
			defaultConfigurationIsVisible = 0;
			defaultConfigurationName = Release;
		};
		71D5B4292CFE070500483936 /* Build configuration list for PBXNativeTarget "PlayerTests" */ = {
			isa = XCConfigurationList;
			buildConfigurations = (
				71D5B42A2CFE070500483936 /* Debug */,
				71D5B42B2CFE070500483936 /* Release */,
			);
			defaultConfigurationIsVisible = 0;
			defaultConfigurationName = Release;
		};
/* End XCConfigurationList section */
	};
	rootObject = 71D5B3FA2CFE070400483936 /* Project object */;
}
